###################################################################################################
##
##  DO NOT EDIT THIS FILE.
##  This is a locked requirements file generated by pyorbs.
##
##  Requirements hash: 22251282d6ff01fd705035611399e6ea2e8a58aa395fc35bfd423b679d928767
##
###################################################################################################
-e .
alabaster==1.0.0
antimarkdown==1.0.2
appdirs==1.4.4
asgiref==3.12.1
ast_serialize==0.9.0
astroid==4.0.4
attrs==26.1.0
babel==2.18.0
bandit==1.9.4
black==26.5.1
boolean.py==5.0
boto3==1.43.83
boto3-stubs==1.43.83
botocore==1.43.88
botocore-stubs==1.43.67
brotli==1.2.0
build==1.6.0
cachetools==7.1.8
certifi==2026.7.22
cffi==2.1.1
chardet==7.6.0
charset-normalizer==3.5.1
click==8.5.0
codespell==2.4.3
colorama==0.4.6
coverage==7.16.0
cryptography==50.0.1
cssbeautifier==2.0.3
cssselect==1.5.0
cssutils==2.15.0
db-dtypes==1.7.1
dill==0.4.1
Django==6.1.1
django-allauth==65.19.2
django-anymail==15.1
django-debug-toolbar==7.1.1
django-debug-toolbar-template-profiler==2.1.0
django-distill==4.0.4
django-htmx==1.29.0
django-mail-panel==6.0.0
django-migration-linter==6.0.0
django-robots==6.1
django-simple-history==3.13.0
django-stubs==6.1.0
django-stubs-ext==6.1.0
djangorestframework==3.18.0
djangorestframework-stubs==3.18.1
djlint==1.45.0
docker==7.2.0
docutils==0.21.2
EditorConfig==0.17.1
encutils==1.0.0
execnet==2.1.2
factory_boy==3.3.3
Faker==40.38.0
filelock==3.32.5
google-ads==31.4.0
google-api-core==2.36.0
google-api-python-client==2.200.0
google-auth==2.57.1
google-auth-httplib2==0.4.2
google-auth-oauthlib==1.4.1
google-cloud-appengine-logging==1.10.0
google-cloud-audit-log==0.6.2
google-cloud-bigquery==3.45.0
google-cloud-bigquery-storage==2.41.0
google-cloud-core==2.7.0
google-cloud-logging==3.16.3
google-cloud-secret-manager==2.30.0
google-crc32c==1.8.0
google-resumable-media==2.10.2
googleapis-common-protos==1.75.3
grpc-google-iam-v1==0.14.5
grpcio==1.83.1
grpcio-status==1.83.1
h11==0.16.0
httplib2==0.32.0
id==1.6.1
idna==3.19
imagesize==2.0.1
inflection==0.5.1
iniconfig==2.3.0
isort==9.0.1
jaraco.classes==3.4.0
jaraco.context==6.1.2
jaraco.functools==4.6.0
jeepney==0.9.0
Jinja2==3.1.6
jmespath==1.1.0
jsbeautifier==2.0.3
json5==0.15.0
keyring==25.7.0
latexcodec==3.0.1
librt==0.15.0
license-expression==30.4.4
logikal-browser==3.3.2
logikal-docs==1.2.6
logikal-utils==1.10.1
lxml==6.1.3
markdown-it-py==4.2.0
MarkupSafe==3.0.3
mccabe==0.7.0
mdurl==0.1.2
more-itertools==11.1.0
mypy==2.3.1
mypy_extensions==1.1.0
nh3==0.3.7
numpy==2.5.2
oauthlib==3.3.1
opentelemetry-api==1.44.0
orjson==3.12.0
outcome==1.3.0.post0
packaging==26.3
pandas==3.0.5
pandas-gbq==0.35.2
pandas-stubs==3.0.5.260730
pathspec==1.1.1
pillow==12.3.0
pip==26.2.1
platformdirs==4.11.7
pluggy==1.6.0
premailer==3.10.0
proto-plus==1.28.4
protobuf==7.36.1
psutil==7.2.2
psycopg==3.3.5
pyarrow==25.0.1
pyasn1==0.6.4
pyasn1_modules==0.4.2
pybtex==0.26.1
pycodestyle==2.14.0
pycparser==3.0
pydata-google-auth==1.9.1
pydocstyle==6.3.0
Pygments==2.21.0
PyJWT==2.13.0
pylint==4.0.8
pylint-django==2.8.0
pylint-plugin-utils==0.9.0
pyorbs==2.2.1
pyparsing==3.3.2
pyproject_hooks==1.2.0
PySocks==1.7.1
pytest==9.1.1
pytest-cov==7.1.0
pytest-django==4.14.0
pytest-factoryboy==2.8.1
pytest-logikal==6.5.8
pytest-mock==3.15.1
pytest-mypy==1.0.1
pytest-order==1.5.0
pytest-xdist==3.8.0
python-dateutil==2.9.0.post0
pytokens==0.4.1
PyYAML==6.0.3
readme_renderer==46.0
regex==2026.9.3
requests==2.34.2
requests-mock==1.12.1
requests-oauthlib==2.0.0
requests-toolbelt==1.0.0
rfc3986==2.0.0
rich==15.0.0
roman-numerals==4.1.0
roman-numerals-py==4.1.0
s3transfer==0.19.2
SecretStorage==3.5.0
selenium==4.48.0
setuptools==84.0.0
six==1.17.0
sniffio==1.3.1
snowballstemmer==3.1.1
sortedcontainers==2.4.0
Sphinx==8.2.3
sphinx-copybutton==0.5.2
sphinx_design==0.7.0
sphinx_rtd_theme==3.1.0
sphinxcontrib-applehelp==2.0.0
sphinxcontrib-devhelp==2.0.0
sphinxcontrib-htmlhelp==2.1.0
sphinxcontrib-jquery==4.1
sphinxcontrib-jsmath==1.0.1
sphinxcontrib-qthelp==2.0.0
sphinxcontrib-serializinghtml==2.0.0
sqlparse==0.6.0
stevedore==5.9.1
stormware==4.3.2
termcolor==3.3.0
time-machine==3.5.0
tinycss2==1.5.1
toml==0.10.2
tomlkit==0.15.1
tqdm==4.70.0
trio==0.34.0
trio-websocket==0.12.2
twine==7.0.0
types-docutils==0.23.0.20260827
types-Pygments==2.21.0.20260819
types-PyYAML==6.0.12.20260815
types-s3transfer==0.16.0
types-tinycss2==1.5.1.20260414
types-webencodings==0.6.0.20260827
typing_extensions==4.16.0
uritemplate==4.2.0
urllib3==2.7.0
webencodings==0.6.1
websocket-client==1.9.2
wheel==0.48.0
whitenoise==6.12.0
wrapt==2.4.0
wsproto==1.3.2
xdg-base-dirs==6.0.2
