###################################################################################################
##
##  DO NOT EDIT THIS FILE.
##  This is a locked requirements file generated by pyorbs.
##
##  Requirements hash: 623d7c0edb3aca1f06d0a0af2341bb3e75918feb25e88e59df75e30f9f744841
##
###################################################################################################
-e .
alabaster==1.0.0
antimarkdown==1.0.2
appdirs==1.4.4
asgiref==3.11.1
astroid==4.0.4
attrs==26.1.0
babel==2.18.0
bandit==1.9.4
black==26.3.1
boolean.py==5.0
boto3==1.42.63
boto3-stubs==1.42.63
botocore==1.42.90
botocore-stubs==1.42.41
brotli==1.2.0
cachetools==7.0.5
certifi==2026.2.25
cffi==2.0.0
charset-normalizer==3.4.7
click==8.3.2
codespell==2.4.2
colorama==0.4.6
coverage==7.13.4
cryptography==46.0.7
cssbeautifier==1.15.4
cssselect==1.4.0
cssutils==2.11.1
db-dtypes==1.4.4
dill==0.4.1
Django==6.0.4
django-allauth==65.16.0
django-anymail==14.0
django-debug-toolbar==6.3.0
django-debug-toolbar-template-profiler==2.1.0
django-distill==3.2.7
django-htmx==1.27.0
django-migration-linter==6.0.0
django-robots==6.1
django-simple-history==3.11.0
django-stubs==5.2.9
django-stubs-ext==5.2.9
djangorestframework==3.17.1
djangorestframework-stubs==3.16.9
djlint==1.36.4
docker==7.1.0
docutils==0.21.2
EditorConfig==0.17.1
execnet==2.1.2
factory_boy==3.3.3
Faker==40.13.0
filelock==3.28.0
google-api-core==2.30.3
google-api-python-client==2.192.0
google-auth==2.49.0
google-auth-httplib2==0.3.1
google-auth-oauthlib==1.3.0
google-cloud-appengine-logging==1.9.0
google-cloud-audit-log==0.5.0
google-cloud-bigquery==3.40.1
google-cloud-bigquery-storage==2.37.0
google-cloud-core==2.5.1
google-cloud-logging==3.15.0
google-cloud-secret-manager==2.26.0
google-crc32c==1.8.0
google-resumable-media==2.8.2
googleapis-common-protos==1.74.0
grpc-google-iam-v1==0.14.4
grpcio==1.80.0
grpcio-status==1.80.0
h11==0.16.0
httplib2==0.31.2
idna==3.11
imagesize==2.0.0
importlib_metadata==8.7.1
inflection==0.5.1
iniconfig==2.3.0
isort==8.0.1
Jinja2==3.1.6
jmespath==1.1.0
jsbeautifier==1.15.4
json5==0.14.0
latexcodec==3.0.1
librt==0.9.0
license-expression==30.4.4
logikal-browser==3.2.0
logikal-docs==1.2.5
logikal-utils==1.8.0
lxml==6.0.4
markdown-it-py==4.0.0
MarkupSafe==3.0.3
mccabe==0.7.0
mdurl==0.1.2
more-itertools==11.0.2
mypy==1.19.1
mypy_extensions==1.1.0
numpy==2.4.4
oauthlib==3.3.1
opentelemetry-api==1.41.0
orjson==3.11.8
outcome==1.3.0.post0
packaging==26.1
pandas==3.0.2
pandas-gbq==0.35.0
pandas-stubs==3.0.0.260204
pathspec==1.0.4
pillow==12.2.0
pip==26.0.1
platformdirs==4.9.6
pluggy==1.6.0
premailer==3.10.0
proto-plus==1.27.2
protobuf==6.33.6
psutil==7.2.2
psycopg==3.3.3
pyarrow==23.0.1
pyasn1==0.6.3
pyasn1_modules==0.4.2
pybtex==0.25.1
pycodestyle==2.14.0
pycparser==3.0
pydata-google-auth==1.9.1
pydocstyle==6.3.0
Pygments==2.20.0
PyJWT==2.12.1
pylint==4.0.5
pylint-django==2.7.0
pylint-plugin-utils==0.9.0
pyorbs==2.2.1
pyparsing==3.3.2
PySocks==1.7.1
pytest==9.0.2
pytest-cov==7.0.0
pytest-django==4.12.0
pytest-factoryboy==2.8.1
pytest-logikal==6.3.0
pytest-mock==3.15.1
pytest-mypy==1.0.1
pytest-xdist==3.8.0
python-dateutil==2.9.0.post0
pytokens==0.4.1
PyYAML==6.0.3
regex==2026.4.4
requests==2.33.1
requests-oauthlib==2.0.0
rich==15.0.0
roman-numerals==4.1.0
roman-numerals-py==4.1.0
rsa==4.9.1
s3transfer==0.16.0
selenium==4.41.0
setuptools==82.0.1
six==1.17.0
sniffio==1.3.1
snowballstemmer==3.0.1
sortedcontainers==2.4.0
Sphinx==8.2.3
sphinx-copybutton==0.5.2
sphinx_design==0.7.0
sphinx_rtd_theme==3.1.0
sphinxcontrib-applehelp==2.0.0
sphinxcontrib-devhelp==2.0.0
sphinxcontrib-htmlhelp==2.1.0
sphinxcontrib-jquery==4.1
sphinxcontrib-jsmath==1.0.1
sphinxcontrib-qthelp==2.0.0
sphinxcontrib-serializinghtml==2.0.0
sqlparse==0.5.5
stevedore==5.7.0
stormware==3.0.2
termcolor==3.3.0
time-machine==3.2.0
tinycss2==1.5.1
toml==0.10.2
tomlkit==0.14.0
tqdm==4.67.3
trio==0.33.0
trio-websocket==0.12.2
types-awscrt==0.31.3
types-PyYAML==6.0.12.20260408
types-s3transfer==0.16.0
typing_extensions==4.15.0
uritemplate==4.2.0
urllib3==2.6.3
webencodings==0.5.1
websocket-client==1.9.0
wheel==0.46.3
whitenoise==6.12.0
wrapt==2.1.2
wsproto==1.3.2
xdg-base-dirs==6.0.2
zipp==3.23.1
