###################################################################################################
##
##  DO NOT EDIT THIS FILE.
##  This is a locked requirements file generated by pyorbs.
##
##  Requirements hash: 0dc683520b164f53e72a7144feb50b1504d7607385902d5a5c40ba9e1c7f7896
##
###################################################################################################
-e .
alabaster==0.7.13
antimarkdown==1.0.2
appdirs==1.4.4
asgiref==3.8.1
astroid==3.2.2
attrs==23.2.0
Babel==2.15.0
backports.zoneinfo==0.2.1
bandit==1.7.8
black==24.4.2
boto3==1.34.111
boto3-stubs==1.34.111
botocore==1.34.112
botocore-stubs==1.34.94
Bottleneck==1.3.8
Brotli==1.1.0
cachetools==5.3.3
certifi==2024.2.2
charset-normalizer==3.3.2
click==8.1.7
colorama==0.4.6
coverage==7.5.1
cssbeautifier==1.15.1
cssselect==1.2.0
cssutils==2.11.0
db-dtypes==1.2.0
dill==0.3.8
Django==4.2.13
django-anymail==10.3
django-debug-toolbar==4.3.0
django-debug-toolbar-template-profiler==2.1.0
django-distill==3.1.3
django-mail-panel==4.0.4
django-migration-linter==5.1.0
django-robots==6.1
django-stubs==4.2.7
django-stubs-ext==4.2.7
django_csp==3.8
djlint==1.34.1
docker==7.1.0
docutils==0.20.1
EditorConfig==0.12.4
exceptiongroup==1.2.1
execnet==2.1.1
factory-boy==3.3.0
Faker==25.2.0
filelock==3.14.0
google-api-core==2.19.0
google-api-python-client==2.130.0
google-api-python-client-stubs==1.26.0
google-auth==2.29.0
google-auth-httplib2==0.2.0
google-auth-stubs==0.2.0
google-cloud-appengine-logging==1.4.3
google-cloud-audit-log==0.2.5
google-cloud-bigquery==3.23.1
google-cloud-core==2.4.1
google-cloud-logging==3.10.0
google-cloud-secret-manager==2.20.0
google-crc32c==1.5.0
google-resumable-media==2.7.0
googleapis-common-protos==1.63.0
grpc-google-iam-v1==0.13.0
grpc-stubs==1.53.0.5
grpcio==1.64.0
grpcio-status==1.62.2
html-tag-names==0.1.2
html-void-elements==0.1.0
httplib2==0.22.0
idna==3.7
imagesize==1.4.1
importlib_metadata==7.1.0
inflection==0.5.1
iniconfig==2.0.0
isort==5.13.2
Jinja2==3.1.4
jmespath==1.0.1
jsbeautifier==1.15.1
json5==0.9.25
latexcodec==3.0.0
llvmlite==0.41.1
logikal-docs==1.1.4
logikal-utils==1.1.1
lxml==5.2.2
markdown-it-py==3.0.0
MarkupSafe==2.1.5
mccabe==0.7.0
mdurl==0.1.2
mypy==1.10.0
mypy-extensions==1.0.0
numba==0.58.1
numexpr==2.8.6
numpy==1.24.4
packaging==23.2
pandas==2.0.3
pandas-stubs==2.0.3.230814
pathspec==0.12.1
pbr==6.0.0
pillow==10.3.0
pip==24.0
pip-licenses==4.4.0
platformdirs==4.2.2
pluggy==1.5.0
premailer==3.10.0
prettytable==3.10.0
proto-plus==1.23.0
protobuf==4.25.3
psutil==5.9.8
psycopg==3.1.19
pyarrow==16.1.0
pyasn1==0.6.0
pyasn1_modules==0.4.0
pybtex==0.24.0
pycodestyle==2.11.1
pydocstyle==6.3.0
Pygments==2.18.0
pylint==3.2.2
pylint-django==2.5.5
pylint-plugin-utils==0.8.2
pyorbs==2.1.0
pyparsing==3.1.2
pytest==8.2.1
pytest-cov==5.0.0
pytest-django==4.8.0
pytest-factoryboy==2.7.0
pytest-logikal==3.2.1
pytest-mock==3.14.0
pytest-mypy==0.10.3
pytest-xdist==3.6.1
python-dateutil==2.9.0.post0
pytz==2024.1
PyYAML==6.0.1
regex==2023.12.25
requests==2.32.2
rich==13.7.1
rsa==4.9
s3transfer==0.10.1
setuptools==70.0.0
six==1.16.0
snowballstemmer==2.2.0
Sphinx==7.1.2
sphinx-rtd-theme==2.0.0
sphinxcontrib-applehelp==1.0.4
sphinxcontrib-devhelp==1.0.2
sphinxcontrib-htmlhelp==2.0.1
sphinxcontrib-jquery==4.1
sphinxcontrib-jsmath==1.0.1
sphinxcontrib-qthelp==1.0.3
sphinxcontrib-serializinghtml==1.1.5
sqlparse==0.5.0
stevedore==5.2.0
stormware==1.2.2
termcolor==2.4.0
toml==0.10.2
tomli==2.0.1
tomlkit==0.12.5
tqdm==4.66.4
types-awscrt==0.20.9
types-docutils==0.21.0.20240423
types-httplib2==0.22.0.20240310
types-Pygments==2.18.0.20240506
types-pytz==2024.1.0.20240417
types-PyYAML==6.0.12.20240311
types-requests==2.31.0.6
types-s3transfer==0.10.1
types-setuptools==70.0.0.20240523
types-urllib3==1.26.25.14
typing_extensions==4.11.0
tzdata==2024.1
uritemplate==4.1.1
urllib3==1.26.18
wcwidth==0.2.13
wheel==0.43.0
whitenoise==6.6.0
wrapt==1.16.0
xdg==5.1.1
zipp==3.18.2
