###################################################################################################
##
##  DO NOT EDIT THIS FILE.
##  This is a locked requirements file generated by pyorbs.
##
##  Requirements hash: ec72232ca93344ccc3ee1229ea8d33735a43825c55d672ac86cd84f97b75724d
##
###################################################################################################
-e .
alabaster==0.7.13
antimarkdown==1.0.2
appdirs==1.4.4
asgiref==3.7.2
astroid==2.15.8
attrs==23.1.0
Babel==2.13.0
backports.zoneinfo==0.2.1
bandit==1.7.5
black==23.9.1
boto3==1.26.130
boto3-stubs==1.26.130
botocore==1.29.165
botocore-stubs==1.31.63
Bottleneck==1.3.7
cachetools==5.3.1
certifi==2023.7.22
cffi==1.16.0
charset-normalizer==3.3.0
click==8.1.7
colorama==0.4.6
coverage==7.2.7
cryptography==41.0.4
cssbeautifier==1.14.9
cssselect==1.2.0
cssutils==2.9.0
db-dtypes==1.1.1
dill==0.3.7
Django==4.2.6
django-anymail==10.1
django-debug-toolbar==4.2.0
django-debug-toolbar-template-profiler==2.1.0
django-distill==3.1.3
django-mail-panel==4.0.3
django-migration-linter==5.0.0
django-robots==6.1
django-stubs==4.2.4
django-stubs-ext==4.2.2
djlint==1.31.1
docker==6.1.3
docutils==0.17.1
EditorConfig==0.12.3
exceptiongroup==1.1.3
execnet==2.0.2
factory-boy==3.3.0
Faker==19.10.0
filelock==3.12.4
gitdb==4.0.10
GitPython==3.1.37
google-api-core==2.12.0
google-api-python-client==2.86.0
google-api-python-client-stubs==1.16.0
google-auth==2.17.3
google-auth-httplib2==0.1.1
google-auth-stubs==0.2.0
google-cloud-appengine-logging==1.3.2
google-cloud-audit-log==0.2.5
google-cloud-bigquery==3.10.0
google-cloud-core==2.3.3
google-cloud-logging==3.8.0
google-cloud-secret-manager==2.16.1
google-crc32c==1.5.0
google-resumable-media==2.6.0
googleapis-common-protos==1.61.0
grpc-google-iam-v1==0.12.6
grpc-stubs==1.53.0.3
grpcio==1.59.0
grpcio-status==1.59.0
html-tag-names==0.1.2
html-void-elements==0.1.0
httplib2==0.22.0
idna==3.4
imagesize==1.4.1
importlib-metadata==6.8.0
inflection==0.5.1
iniconfig==2.0.0
isort==5.12.0
Jinja2==3.1.2
jmespath==1.0.1
jsbeautifier==1.14.9
json5==0.9.14
latexcodec==2.0.1
lazy-object-proxy==1.9.0
llvmlite==0.41.0
logikal-docs==1.1.3
logikal-utils==1.0.0
lxml==4.9.3
markdown-it-py==3.0.0
MarkupSafe==2.1.3
mccabe==0.7.0
mdurl==0.1.2
mypy==1.4.1
mypy-extensions==1.0.0
numba==0.58.0
numexpr==2.8.6
numpy==1.24.4
packaging==23.2
pandas==2.0.3
pandas-stubs==2.0.3.230814
pathspec==0.11.2
pbr==5.11.1
Pillow==10.0.1
pip==23.2.1
pip-licenses==4.3.2
platformdirs==3.11.0
pluggy==1.3.0
premailer==3.10.0
prettytable==3.9.0
proto-plus==1.22.3
protobuf==4.24.4
psutil==5.9.5
psycopg==3.1.12
pyarrow==13.0.0
pyasn1==0.5.0
pyasn1-modules==0.3.0
pybtex==0.24.0
pycodestyle==2.10.0
pycparser==2.21
pydocstyle==6.3.0
Pygments==2.16.1
pylint==2.17.4
pylint-django==2.5.3
pylint-plugin-utils==0.8.2
pyorbs==2.0.0
pyparsing==3.1.1
pytest==7.4.0
pytest-cov==4.1.0
pytest-django==4.5.2
pytest-factoryboy==2.5.1
pytest-logikal==1.10.5
pytest-mock==3.11.1
pytest-mypy==0.10.3
pytest-xdist==3.3.1
python-dateutil==2.8.2
pytz==2023.3.post1
PyYAML==6.0.1
regex==2023.10.3
requests==2.31.0
rich==13.6.0
rsa==4.9
s3transfer==0.6.2
setuptools==68.2.2
six==1.16.0
smmap==5.0.1
snowballstemmer==2.2.0
Sphinx==5.3.0
sphinx-rtd-theme==1.1.1
sphinxcontrib-applehelp==1.0.4
sphinxcontrib-devhelp==1.0.2
sphinxcontrib-htmlhelp==2.0.1
sphinxcontrib-jsmath==1.0.1
sphinxcontrib-qthelp==1.0.3
sphinxcontrib-serializinghtml==1.1.5
sqlparse==0.4.4
stevedore==5.1.0
stormware==1.2.0
termcolor==2.3.0
toml==0.10.2
tomli==2.0.1
tomlkit==0.12.1
tqdm==4.66.1
types-awscrt==0.19.2
types-docutils==0.20.0.3
types-Pygments==2.16.0.0
types-pytz==2023.3.1.1
types-PyYAML==6.0.12.12
types-requests==2.31.0.6
types-s3transfer==0.7.0
types-setuptools==68.2.0.0
types-urllib3==1.26.25.14
typing_extensions==4.8.0
tzdata==2023.3
uritemplate==4.1.1
urllib3==1.26.17
wcwidth==0.2.8
websocket-client==1.6.4
wheel==0.41.2
wrapt==1.15.0
xdg==5.1.1
zipp==3.17.0
